// !$*UTF8*$!
{
	archiveVersion = 1;
	classes = {
	};
	objectVersion = 52;
	objects = {

/* Begin PBXBuildFile section */
		BA03BE1F24CB1D4100ACBB63 /* Kingfisher in Frameworks */ = {isa = PBXBuildFile; productRef = BA03BE1E24CB1D4100ACBB63 /* Kingfisher */; };
		BA03BE4324CD402200ACBB63 /* UpComingViewController.swift in Sources */ = {isa = PBXBuildFile; fileRef = BA03BE4224CD402200ACBB63 /* UpComingViewController.swift */; };
		BA4CC0CD24CDA75D009BEA45 /* GoogleService-Info.plist in Resources */ = {isa = PBXBuildFile; fileRef = BA4CC0CC24CDA75D009BEA45 /* GoogleService-Info.plist */; };
		BA4CC0CF24CDA9DB009BEA45 /* HistoryViewController.swift in Sources */ = {isa = PBXBuildFile; fileRef = BA4CC0CE24CDA9DB009BEA45 /* HistoryViewController.swift */; };
		BA528A4724D71E19007D87F1 /* seeMoreViewController.swift in Sources */ = {isa = PBXBuildFile; fileRef = BA528A4624D71E19007D87F1 /* seeMoreViewController.swift */; };
		BA70769F24D6E51B00DA1A39 /* SimplePlayer.swift in Sources */ = {isa = PBXBuildFile; fileRef = BA70769E24D6E51B00DA1A39 /* SimplePlayer.swift */; };
		BAAAEFD524C9C68D000937AB /* AppDelegate.swift in Sources */ = {isa = PBXBuildFile; fileRef = BAAAEFD424C9C68D000937AB /* AppDelegate.swift */; };
		BAAAEFD724C9C68D000937AB /* SceneDelegate.swift in Sources */ = {isa = PBXBuildFile; fileRef = BAAAEFD624C9C68D000937AB /* SceneDelegate.swift */; };
		BAAAEFDC24C9C68D000937AB /* Main.storyboard in Resources */ = {isa = PBXBuildFile; fileRef = BAAAEFDA24C9C68D000937AB /* Main.storyboard */; };
		BAAAEFDE24C9C68F000937AB /* Assets.xcassets in Resources */ = {isa = PBXBuildFile; fileRef = BAAAEFDD24C9C68F000937AB /* Assets.xcassets */; };
		BAAAEFE124C9C68F000937AB /* LaunchScreen.storyboard in Resources */ = {isa = PBXBuildFile; fileRef = BAAAEFDF24C9C68F000937AB /* LaunchScreen.storyboard */; };
		BAAAEFEB24C9C7BA000937AB /* AppTabbarController.swift in Sources */ = {isa = PBXBuildFile; fileRef = BAAAEFEA24C9C7BA000937AB /* AppTabbarController.swift */; };
		BAAAEFED24C9C7EC000937AB /* HomeViewController.swift in Sources */ = {isa = PBXBuildFile; fileRef = BAAAEFEC24C9C7EC000937AB /* HomeViewController.swift */; };
		BAAAEFEF24C9C813000937AB /* SearchViewController.swift in Sources */ = {isa = PBXBuildFile; fileRef = BAAAEFEE24C9C813000937AB /* SearchViewController.swift */; };
		BAAAEFF124C9C82B000937AB /* RecommendListViewController.swift in Sources */ = {isa = PBXBuildFile; fileRef = BAAAEFF024C9C82B000937AB /* RecommendListViewController.swift */; };
		BAAAEFF324C9C845000937AB /* PlayerViewController.swift in Sources */ = {isa = PBXBuildFile; fileRef = BAAAEFF224C9C845000937AB /* PlayerViewController.swift */; };
		BAAAEFF524C9C85E000937AB /* PlayerView.swift in Sources */ = {isa = PBXBuildFile; fileRef = BAAAEFF424C9C85E000937AB /* PlayerView.swift */; };
		BAAAEFF924C9C8F6000937AB /* Player.storyboard in Resources */ = {isa = PBXBuildFile; fileRef = BAAAEFF824C9C8F6000937AB /* Player.storyboard */; };
		D45A01A06B119B29CC8DBECF /* Pods_MyNetflix.framework in Frameworks */ = {isa = PBXBuildFile; fileRef = 780BA0B90E9AEF1DE81A033D /* Pods_MyNetflix.framework */; };
/* End PBXBuildFile section */

/* Begin PBXFileReference section */
		780BA0B90E9AEF1DE81A033D /* Pods_MyNetflix.framework */ = {isa = PBXFileReference; explicitFileType = wrapper.framework; includeInIndex = 0; path = Pods_MyNetflix.framework; sourceTree = BUILT_PRODUCTS_DIR; };
		9A86DA3FB975B2CF6ED44FFA /* Pods-MyNetflix.debug.xcconfig */ = {isa = PBXFileReference; includeInIndex = 1; lastKnownFileType = text.xcconfig; name = "Pods-MyNetflix.debug.xcconfig"; path = "Target Support Files/Pods-MyNetflix/Pods-MyNetflix.debug.xcconfig"; sourceTree = "<group>"; };
		9B841CDE4C82C6F4189B4700 /* Pods-MyNetflix.release.xcconfig */ = {isa = PBXFileReference; includeInIndex = 1; lastKnownFileType = text.xcconfig; name = "Pods-MyNetflix.release.xcconfig"; path = "Target Support Files/Pods-MyNetflix/Pods-MyNetflix.release.xcconfig"; sourceTree = "<group>"; };
		BA03BE4224CD402200ACBB63 /* UpComingViewController.swift */ = {isa = PBXFileReference; lastKnownFileType = sourcecode.swift; path = UpComingViewController.swift; sourceTree = "<group>"; };
		BA4CC0CC24CDA75D009BEA45 /* GoogleService-Info.plist */ = {isa = PBXFileReference; fileEncoding = 4; lastKnownFileType = text.plist.xml; path = "GoogleService-Info.plist"; sourceTree = "<group>"; };
		BA4CC0CE24CDA9DB009BEA45 /* HistoryViewController.swift */ = {isa = PBXFileReference; lastKnownFileType = sourcecode.swift; path = HistoryViewController.swift; sourceTree = "<group>"; };
		BA528A4624D71E19007D87F1 /* seeMoreViewController.swift */ = {isa = PBXFileReference; lastKnownFileType = sourcecode.swift; path = seeMoreViewController.swift; sourceTree = "<group>"; };
		BA70769E24D6E51B00DA1A39 /* SimplePlayer.swift */ = {isa = PBXFileReference; lastKnownFileType = sourcecode.swift; path = SimplePlayer.swift; sourceTree = "<group>"; };
		BAAAEFD124C9C68D000937AB /* MyNetflix.app */ = {isa = PBXFileReference; explicitFileType = wrapper.application; includeInIndex = 0; path = MyNetflix.app; sourceTree = BUILT_PRODUCTS_DIR; };
		BAAAEFD424C9C68D000937AB /* AppDelegate.swift */ = {isa = PBXFileReference; lastKnownFileType = sourcecode.swift; path = AppDelegate.swift; sourceTree = "<group>"; };
		BAAAEFD624C9C68D000937AB /* SceneDelegate.swift */ = {isa = PBXFileReference; lastKnownFileType = sourcecode.swift; path = SceneDelegate.swift; sourceTree = "<group>"; };
		BAAAEFDB24C9C68D000937AB /* Base */ = {isa = PBXFileReference; lastKnownFileType = file.storyboard; name = Base; path = Base.lproj/Main.storyboard; sourceTree = "<group>"; };
		BAAAEFDD24C9C68F000937AB /* Assets.xcassets */ = {isa = PBXFileReference; lastKnownFileType = folder.assetcatalog; path = Assets.xcassets; sourceTree = "<group>"; };
		BAAAEFE024C9C68F000937AB /* Base */ = {isa = PBXFileReference; lastKnownFileType = file.storyboard; name = Base; path = Base.lproj/LaunchScreen.storyboard; sourceTree = "<group>"; };
		BAAAEFE224C9C68F000937AB /* Info.plist */ = {isa = PBXFileReference; lastKnownFileType = text.plist.xml; path = Info.plist; sourceTree = "<group>"; };
		BAAAEFEA24C9C7BA000937AB /* AppTabbarController.swift */ = {isa = PBXFileReference; lastKnownFileType = sourcecode.swift; path = AppTabbarController.swift; sourceTree = "<group>"; };
		BAAAEFEC24C9C7EC000937AB /* HomeViewController.swift */ = {isa = PBXFileReference; lastKnownFileType = sourcecode.swift; path = HomeViewController.swift; sourceTree = "<group>"; };
		BAAAEFEE24C9C813000937AB /* SearchViewController.swift */ = {isa = PBXFileReference; lastKnownFileType = sourcecode.swift; path = SearchViewController.swift; sourceTree = "<group>"; };
		BAAAEFF024C9C82B000937AB /* RecommendListViewController.swift */ = {isa = PBXFileReference; lastKnownFileType = sourcecode.swift; path = RecommendListViewController.swift; sourceTree = "<group>"; };
		BAAAEFF224C9C845000937AB /* PlayerViewController.swift */ = {isa = PBXFileReference; lastKnownFileType = sourcecode.swift; path = PlayerViewController.swift; sourceTree = "<group>"; };
		BAAAEFF424C9C85E000937AB /* PlayerView.swift */ = {isa = PBXFileReference; lastKnownFileType = sourcecode.swift; path = PlayerView.swift; sourceTree = "<group>"; };
		BAAAEFF824C9C8F6000937AB /* Player.storyboard */ = {isa = PBXFileReference; lastKnownFileType = file.storyboard; path = Player.storyboard; sourceTree = "<group>"; };
/* End PBXFileReference section */

/* Begin PBXFrameworksBuildPhase section */
		BAAAEFCE24C9C68D000937AB /* Frameworks */ = {
			isa = PBXFrameworksBuildPhase;
			buildActionMask = 2147483647;
			files = (
				BA03BE1F24CB1D4100ACBB63 /* Kingfisher in Frameworks */,
				D45A01A06B119B29CC8DBECF /* Pods_MyNetflix.framework in Frameworks */,
			);
			runOnlyForDeploymentPostprocessing = 0;
		};
/* End PBXFrameworksBuildPhase section */

/* Begin PBXGroup section */
		3B45BC8C9357127E6E8412B4 /* Pods */ = {
			isa = PBXGroup;
			children = (
				9A86DA3FB975B2CF6ED44FFA /* Pods-MyNetflix.debug.xcconfig */,
				9B841CDE4C82C6F4189B4700 /* Pods-MyNetflix.release.xcconfig */,
			);
			path = Pods;
			sourceTree = "<group>";
		};
		BAAAEFC824C9C68D000937AB = {
			isa = PBXGroup;
			children = (
				BAAAEFD324C9C68D000937AB /* MyNetflix */,
				BAAAEFD224C9C68D000937AB /* Products */,
				3B45BC8C9357127E6E8412B4 /* Pods */,
				E03DB6A1532FE0C0F4FB7334 /* Frameworks */,
			);
			sourceTree = "<group>";
		};
		BAAAEFD224C9C68D000937AB /* Products */ = {
			isa = PBXGroup;
			children = (
				BAAAEFD124C9C68D000937AB /* MyNetflix.app */,
			);
			name = Products;
			sourceTree = "<group>";
		};
		BAAAEFD324C9C68D000937AB /* MyNetflix */ = {
			isa = PBXGroup;
			children = (
				BAAAEFD424C9C68D000937AB /* AppDelegate.swift */,
				BAAAEFD624C9C68D000937AB /* SceneDelegate.swift */,
				BAAAEFDA24C9C68D000937AB /* Main.storyboard */,
				BAAAEFEC24C9C7EC000937AB /* HomeViewController.swift */,
				BAAAEFEE24C9C813000937AB /* SearchViewController.swift */,
				BA4CC0CE24CDA9DB009BEA45 /* HistoryViewController.swift */,
				BAAAEFF024C9C82B000937AB /* RecommendListViewController.swift */,
				BA03BE4224CD402200ACBB63 /* UpComingViewController.swift */,
				BA528A4624D71E19007D87F1 /* seeMoreViewController.swift */,
				BAAAEFF824C9C8F6000937AB /* Player.storyboard */,
				BAAAEFF224C9C845000937AB /* PlayerViewController.swift */,
				BA70769E24D6E51B00DA1A39 /* SimplePlayer.swift */,
				BAAAEFF424C9C85E000937AB /* PlayerView.swift */,
				BAAAEFDF24C9C68F000937AB /* LaunchScreen.storyboard */,
				BAAAEFEA24C9C7BA000937AB /* AppTabbarController.swift */,
				BAAAEFDD24C9C68F000937AB /* Assets.xcassets */,
				BAAAEFE224C9C68F000937AB /* Info.plist */,
				BA4CC0CC24CDA75D009BEA45 /* GoogleService-Info.plist */,
			);
			path = MyNetflix;
			sourceTree = "<group>";
		};
		E03DB6A1532FE0C0F4FB7334 /* Frameworks */ = {
			isa = PBXGroup;
			children = (
				780BA0B90E9AEF1DE81A033D /* Pods_MyNetflix.framework */,
			);
			name = Frameworks;
			sourceTree = "<group>";
		};
/* End PBXGroup section */

/* Begin PBXNativeTarget section */
		BAAAEFD024C9C68D000937AB /* MyNetflix */ = {
			isa = PBXNativeTarget;
			buildConfigurationList = BAAAEFE524C9C68F000937AB /* Build configuration list for PBXNativeTarget "MyNetflix" */;
			buildPhases = (
				357F2357296EBC5B43C96317 /* [CP] Check Pods Manifest.lock */,
				BAAAEFCD24C9C68D000937AB /* Sources */,
				BAAAEFCE24C9C68D000937AB /* Frameworks */,
				BAAAEFCF24C9C68D000937AB /* Resources */,
				520C0AE3841008B561853131 /* [CP] Embed Pods Frameworks */,
			);
			buildRules = (
			);
			dependencies = (
			);
			name = MyNetflix;
			packageProductDependencies = (
				BA03BE1E24CB1D4100ACBB63 /* Kingfisher */,
			);
			productName = MyNetflix;
			productReference = BAAAEFD124C9C68D000937AB /* MyNetflix.app */;
			productType = "com.apple.product-type.application";
		};
/* End PBXNativeTarget section */

/* Begin PBXProject section */
		BAAAEFC924C9C68D000937AB /* Project object */ = {
			isa = PBXProject;
			attributes = {
				LastSwiftUpdateCheck = 1160;
				LastUpgradeCheck = 1160;
				ORGANIZATIONNAME = pazravien;
				TargetAttributes = {
					BAAAEFD024C9C68D000937AB = {
						CreatedOnToolsVersion = 11.6;
					};
				};
			};
			buildConfigurationList = BAAAEFCC24C9C68D000937AB /* Build configuration list for PBXProject "MyNetflix" */;
			compatibilityVersion = "Xcode 9.3";
			developmentRegion = en;
			hasScannedForEncodings = 0;
			knownRegions = (
				en,
				Base,
			);
			mainGroup = BAAAEFC824C9C68D000937AB;
			packageReferences = (
				BA03BE1D24CB1D4100ACBB63 /* XCRemoteSwiftPackageReference "Kingfisher" */,
			);
			productRefGroup = BAAAEFD224C9C68D000937AB /* Products */;
			projectDirPath = "";
			projectRoot = "";
			targets = (
				BAAAEFD024C9C68D000937AB /* MyNetflix */,
			);
		};
/* End PBXProject section */

/* Begin PBXResourcesBuildPhase section */
		BAAAEFCF24C9C68D000937AB /* Resources */ = {
			isa = PBXResourcesBuildPhase;
			buildActionMask = 2147483647;
			files = (
				BAAAEFE124C9C68F000937AB /* LaunchScreen.storyboard in Resources */,
				BAAAEFF924C9C8F6000937AB /* Player.storyboard in Resources */,
				BAAAEFDE24C9C68F000937AB /* Assets.xcassets in Resources */,
				BAAAEFDC24C9C68D000937AB /* Main.storyboard in Resources */,
				BA4CC0CD24CDA75D009BEA45 /* GoogleService-Info.plist in Resources */,
			);
			runOnlyForDeploymentPostprocessing = 0;
		};
/* End PBXResourcesBuildPhase section */

/* Begin PBXShellScriptBuildPhase section */
		357F2357296EBC5B43C96317 /* [CP] Check Pods Manifest.lock */ = {
			isa = PBXShellScriptBuildPhase;
			buildActionMask = 2147483647;
			files = (
			);
			inputFileListPaths = (
			);
			inputPaths = (
				"${PODS_PODFILE_DIR_PATH}/Podfile.lock",
				"${PODS_ROOT}/Manifest.lock",
			);
			name = "[CP] Check Pods Manifest.lock";
			outputFileListPaths = (
			);
			outputPaths = (
				"$(DERIVED_FILE_DIR)/Pods-MyNetflix-checkManifestLockResult.txt",
			);
			runOnlyForDeploymentPostprocessing = 0;
			shellPath = /bin/sh;
			shellScript = "diff \"${PODS_PODFILE_DIR_PATH}/Podfile.lock\" \"${PODS_ROOT}/Manifest.lock\" > /dev/null\nif [ $? != 0 ] ; then\n    # print error to STDERR\n    echo \"error: The sandbox is not in sync with the Podfile.lock. Run 'pod install' or update your CocoaPods installation.\" >&2\n    exit 1\nfi\n# This output is used by Xcode 'outputs' to avoid re-running this script phase.\necho \"SUCCESS\" > \"${SCRIPT_OUTPUT_FILE_0}\"\n";
			showEnvVarsInLog = 0;
		};
		520C0AE3841008B561853131 /* [CP] Embed Pods Frameworks */ = {
			isa = PBXShellScriptBuildPhase;
			buildActionMask = 2147483647;
			files = (
			);
			inputFileListPaths = (
				"${PODS_ROOT}/Target Support Files/Pods-MyNetflix/Pods-MyNetflix-frameworks-${CONFIGURATION}-input-files.xcfilelist",
			);
			name = "[CP] Embed Pods Frameworks";
			outputFileListPaths = (
				"${PODS_ROOT}/Target Support Files/Pods-MyNetflix/Pods-MyNetflix-frameworks-${CONFIGURATION}-output-files.xcfilelist",
			);
			runOnlyForDeploymentPostprocessing = 0;
			shellPath = /bin/sh;
			shellScript = "\"${PODS_ROOT}/Target Support Files/Pods-MyNetflix/Pods-MyNetflix-frameworks.sh\"\n";
			showEnvVarsInLog = 0;
		};
/* End PBXShellScriptBuildPhase section */

/* Begin PBXSourcesBuildPhase section */
		BAAAEFCD24C9C68D000937AB /* Sources */ = {
			isa = PBXSourcesBuildPhase;
			buildActionMask = 2147483647;
			files = (
				BA70769F24D6E51B00DA1A39 /* SimplePlayer.swift in Sources */,
				BAAAEFF524C9C85E000937AB /* PlayerView.swift in Sources */,
				BAAAEFEF24C9C813000937AB /* SearchViewController.swift in Sources */,
				BA03BE4324CD402200ACBB63 /* UpComingViewController.swift in Sources */,
				BAAAEFF324C9C845000937AB /* PlayerViewController.swift in Sources */,
				BA528A4724D71E19007D87F1 /* seeMoreViewController.swift in Sources */,
				BAAAEFED24C9C7EC000937AB /* HomeViewController.swift in Sources */,
				BA4CC0CF24CDA9DB009BEA45 /* HistoryViewController.swift in Sources */,
				BAAAEFF124C9C82B000937AB /* RecommendListViewController.swift in Sources */,
				BAAAEFEB24C9C7BA000937AB /* AppTabbarController.swift in Sources */,
				BAAAEFD524C9C68D000937AB /* AppDelegate.swift in Sources */,
				BAAAEFD724C9C68D000937AB /* SceneDelegate.swift in Sources */,
			);
			runOnlyForDeploymentPostprocessing = 0;
		};
/* End PBXSourcesBuildPhase section */

/* Begin PBXVariantGroup section */
		BAAAEFDA24C9C68D000937AB /* Main.storyboard */ = {
			isa = PBXVariantGroup;
			children = (
				BAAAEFDB24C9C68D000937AB /* Base */,
			);
			name = Main.storyboard;
			sourceTree = "<group>";
		};
		BAAAEFDF24C9C68F000937AB /* LaunchScreen.storyboard */ = {
			isa = PBXVariantGroup;
			children = (
				BAAAEFE024C9C68F000937AB /* Base */,
			);
			name = LaunchScreen.storyboard;
			sourceTree = "<group>";
		};
/* End PBXVariantGroup section */

/* Begin XCBuildConfiguration section */
		BAAAEFE324C9C68F000937AB /* Debug */ = {
			isa = XCBuildConfiguration;
			buildSettings = {
				ALWAYS_SEARCH_USER_PATHS = NO;
				CLANG_ANALYZER_NONNULL = YES;
				CLANG_ANALYZER_NUMBER_OBJECT_CONVERSION = YES_AGGRESSIVE;
				CLANG_CXX_LANGUAGE_STANDARD = "gnu++14";
				CLANG_CXX_LIBRARY = "libc++";
				CLANG_ENABLE_MODULES = YES;
				CLANG_ENABLE_OBJC_ARC = YES;
				CLANG_ENABLE_OBJC_WEAK = YES;
				CLANG_WARN_BLOCK_CAPTURE_AUTORELEASING = YES;
				CLANG_WARN_BOOL_CONVERSION = YES;
				CLANG_WARN_COMMA = YES;
				CLANG_WARN_CONSTANT_CONVERSION = YES;
				CLANG_WARN_DEPRECATED_OBJC_IMPLEMENTATIONS = YES;
				CLANG_WARN_DIRECT_OBJC_ISA_USAGE = YES_ERROR;
				CLANG_WARN_DOCUMENTATION_COMMENTS = YES;
				CLANG_WARN_EMPTY_BODY = YES;
				CLANG_WARN_ENUM_CONVERSION = YES;
				CLANG_WARN_INFINITE_RECURSION = YES;
				CLANG_WARN_INT_CONVERSION = YES;
				CLANG_WARN_NON_LITERAL_NULL_CONVERSION = YES;
				CLANG_WARN_OBJC_IMPLICIT_RETAIN_SELF = YES;
				CLANG_WARN_OBJC_LITERAL_CONVERSION = YES;
				CLANG_WARN_OBJC_ROOT_CLASS = YES_ERROR;
				CLANG_WARN_RANGE_LOOP_ANALYSIS = YES;
				CLANG_WARN_STRICT_PROTOTYPES = YES;
				CLANG_WARN_SUSPICIOUS_MOVE = YES;
				CLANG_WARN_UNGUARDED_AVAILABILITY = YES_AGGRESSIVE;
				CLANG_WARN_UNREACHABLE_CODE = YES;
				CLANG_WARN__DUPLICATE_METHOD_MATCH = YES;
				COPY_PHASE_STRIP = NO;
				DEBUG_INFORMATION_FORMAT = dwarf;
				ENABLE_STRICT_OBJC_MSGSEND = YES;
				ENABLE_TESTABILITY = YES;
				GCC_C_LANGUAGE_STANDARD = gnu11;
				GCC_DYNAMIC_NO_PIC = NO;
				GCC_NO_COMMON_BLOCKS = YES;
				GCC_OPTIMIZATION_LEVEL = 0;
				GCC_PREPROCESSOR_DEFINITIONS = (
					"DEBUG=1",
					"$(inherited)",
				);
				GCC_WARN_64_TO_32_BIT_CONVERSION = YES;
				GCC_WARN_ABOUT_RETURN_TYPE = YES_ERROR;
				GCC_WARN_UNDECLARED_SELECTOR = YES;
				GCC_WARN_UNINITIALIZED_AUTOS = YES_AGGRESSIVE;
				GCC_WARN_UNUSED_FUNCTION = YES;
				GCC_WARN_UNUSED_VARIABLE = YES;
				IPHONEOS_DEPLOYMENT_TARGET = 13.6;
				MTL_ENABLE_DEBUG_INFO = INCLUDE_SOURCE;
				MTL_FAST_MATH = YES;
				ONLY_ACTIVE_ARCH = YES;
				SDKROOT = iphoneos;
				SWIFT_ACTIVE_COMPILATION_CONDITIONS = DEBUG;
				SWIFT_OPTIMIZATION_LEVEL = "-Onone";
			};
			name = Debug;
		};
		BAAAEFE424C9C68F000937AB /* Release */ = {
			isa = XCBuildConfiguration;
			buildSettings = {
				ALWAYS_SEARCH_USER_PATHS = NO;
				CLANG_ANALYZER_NONNULL = YES;
				CLANG_ANALYZER_NUMBER_OBJECT_CONVERSION = YES_AGGRESSIVE;
				CLANG_CXX_LANGUAGE_STANDARD = "gnu++14";
				CLANG_CXX_LIBRARY = "libc++";
				CLANG_ENABLE_MODULES = YES;
				CLANG_ENABLE_OBJC_ARC = YES;
				CLANG_ENABLE_OBJC_WEAK = YES;
				CLANG_WARN_BLOCK_CAPTURE_AUTORELEASING = YES;
				CLANG_WARN_BOOL_CONVERSION = YES;
				CLANG_WARN_COMMA = YES;
				CLANG_WARN_CONSTANT_CONVERSION = YES;
				CLANG_WARN_DEPRECATED_OBJC_IMPLEMENTATIONS = YES;
				CLANG_WARN_DIRECT_OBJC_ISA_USAGE = YES_ERROR;
				CLANG_WARN_DOCUMENTATION_COMMENTS = YES;
				CLANG_WARN_EMPTY_BODY = YES;
				CLANG_WARN_ENUM_CONVERSION = YES;
				CLANG_WARN_INFINITE_RECURSION = YES;
				CLANG_WARN_INT_CONVERSION = YES;
				CLANG_WARN_NON_LITERAL_NULL_CONVERSION = YES;
				CLANG_WARN_OBJC_IMPLICIT_RETAIN_SELF = YES;
				CLANG_WARN_OBJC_LITERAL_CONVERSION = YES;
				CLANG_WARN_OBJC_ROOT_CLASS = YES_ERROR;
				CLANG_WARN_RANGE_LOOP_ANALYSIS = YES;
				CLANG_WARN_STRICT_PROTOTYPES = YES;
				CLANG_WARN_SUSPICIOUS_MOVE = YES;
				CLANG_WARN_UNGUARDED_AVAILABILITY = YES_AGGRESSIVE;
				CLANG_WARN_UNREACHABLE_CODE = YES;
				CLANG_WARN__DUPLICATE_METHOD_MATCH = YES;
				COPY_PHASE_STRIP = NO;
				DEBUG_INFORMATION_FORMAT = "dwarf-with-dsym";
				ENABLE_NS_ASSERTIONS = NO;
				ENABLE_STRICT_OBJC_MSGSEND = YES;
				GCC_C_LANGUAGE_STANDARD = gnu11;
				GCC_NO_COMMON_BLOCKS = YES;
				GCC_WARN_64_TO_32_BIT_CONVERSION = YES;
				GCC_WARN_ABOUT_RETURN_TYPE = YES_ERROR;
				GCC_WARN_UNDECLARED_SELECTOR = YES;
				GCC_WARN_UNINITIALIZED_AUTOS = YES_AGGRESSIVE;
				GCC_WARN_UNUSED_FUNCTION = YES;
				GCC_WARN_UNUSED_VARIABLE = YES;
				IPHONEOS_DEPLOYMENT_TARGET = 13.6;
				MTL_ENABLE_DEBUG_INFO = NO;
				MTL_FAST_MATH = YES;
				SDKROOT = iphoneos;
				SWIFT_COMPILATION_MODE = wholemodule;
				SWIFT_OPTIMIZATION_LEVEL = "-O";
				VALIDATE_PRODUCT = YES;
			};
			name = Release;
		};
		BAAAEFE624C9C68F000937AB /* Debug */ = {
			isa = XCBuildConfiguration;
			baseConfigurationReference = 9A86DA3FB975B2CF6ED44FFA /* Pods-MyNetflix.debug.xcconfig */;
			buildSettings = {
				ASSETCATALOG_COMPILER_APPICON_NAME = AppIcon;
				CODE_SIGN_STYLE = Automatic;
				DEVELOPMENT_TEAM = WU6N2C8A3Z;
				INFOPLIST_FILE = MyNetflix/Info.plist;
				LD_RUNPATH_SEARCH_PATHS = (
					"$(inherited)",
					"@executable_path/Frameworks",
				);
				PRODUCT_BUNDLE_IDENTIFIER = pazravien.MyNetflix;
				PRODUCT_NAME = "$(TARGET_NAME)";
				SWIFT_VERSION = 5.0;
				TARGETED_DEVICE_FAMILY = "1,2";
			};
			name = Debug;
		};
		BAAAEFE724C9C68F000937AB /* Release */ = {
			isa = XCBuildConfiguration;
			baseConfigurationReference = 9B841CDE4C82C6F4189B4700 /* Pods-MyNetflix.release.xcconfig */;
			buildSettings = {
				ASSETCATALOG_COMPILER_APPICON_NAME = AppIcon;
				CODE_SIGN_STYLE = Automatic;
				DEVELOPMENT_TEAM = WU6N2C8A3Z;
				INFOPLIST_FILE = MyNetflix/Info.plist;
				LD_RUNPATH_SEARCH_PATHS = (
					"$(inherited)",
					"@executable_path/Frameworks",
				);
				PRODUCT_BUNDLE_IDENTIFIER = pazravien.MyNetflix;
				PRODUCT_NAME = "$(TARGET_NAME)";
				SWIFT_VERSION = 5.0;
				TARGETED_DEVICE_FAMILY = "1,2";
			};
			name = Release;
		};
/* End XCBuildConfiguration section */

/* Begin XCConfigurationList section */
		BAAAEFCC24C9C68D000937AB /* Build configuration list for PBXProject "MyNetflix" */ = {
			isa = XCConfigurationList;
			buildConfigurations = (
				BAAAEFE324C9C68F000937AB /* Debug */,
				BAAAEFE424C9C68F000937AB /* Release */,
			);
			defaultConfigurationIsVisible = 0;
			defaultConfigurationName = Release;
		};
		BAAAEFE524C9C68F000937AB /* Build configuration list for PBXNativeTarget "MyNetflix" */ = {
			isa = XCConfigurationList;
			buildConfigurations = (
				BAAAEFE624C9C68F000937AB /* Debug */,
				BAAAEFE724C9C68F000937AB /* Release */,
			);
			defaultConfigurationIsVisible = 0;
			defaultConfigurationName = Release;
		};
/* End XCConfigurationList section */

/* Begin XCRemoteSwiftPackageReference section */
		BA03BE1D24CB1D4100ACBB63 /* XCRemoteSwiftPackageReference "Kingfisher" */ = {
			isa = XCRemoteSwiftPackageReference;
			repositoryURL = "https://github.com/onevcat/Kingfisher";
			requirement = {
				kind = upToNextMajorVersion;
				minimumVersion = 5.14.1;
			};
		};
/* End XCRemoteSwiftPackageReference section */

/* Begin XCSwiftPackageProductDependency section */
		BA03BE1E24CB1D4100ACBB63 /* Kingfisher */ = {
			isa = XCSwiftPackageProductDependency;
			package = BA03BE1D24CB1D4100ACBB63 /* XCRemoteSwiftPackageReference "Kingfisher" */;
			productName = Kingfisher;
		};
/* End XCSwiftPackageProductDependency section */
	};
	rootObject = BAAAEFC924C9C68D000937AB /* Project object */;
}
